// !$*UTF8*$!
{
	archiveVersion = 1;
	classes = {
	};
	objectVersion = 56;
	objects = {

/* Begin PBXBuildFile section */
		EA5990E22BC036DF00205A93 /* AppDelegate.swift in Sources */ = {isa = PBXBuildFile; fileRef = EA5990E12BC036DF00205A93 /* AppDelegate.swift */; };
		EA5990E42BC036DF00205A93 /* SceneDelegate.swift in Sources */ = {isa = PBXBuildFile; fileRef = EA5990E32BC036DF00205A93 /* SceneDelegate.swift */; };
		EA5990EB2BC036E200205A93 /* Assets.xcassets in Resources */ = {isa = PBXBuildFile; fileRef = EA5990EA2BC036E200205A93 /* Assets.xcassets */; };
		EA5990EE2BC036E200205A93 /* LaunchScreen.storyboard in Resources */ = {isa = PBXBuildFile; fileRef = EA5990EC2BC036E200205A93 /* LaunchScreen.storyboard */; };
		EA59911F2BC1934900205A93 /* APIConstants.swift in Sources */ = {isa = PBXBuildFile; fileRef = EA59911B2BC1934900205A93 /* APIConstants.swift */; };
		EA5991202BC1934900205A93 /* APIClient.swift in Sources */ = {isa = PBXBuildFile; fileRef = EA59911C2BC1934900205A93 /* APIClient.swift */; };
		EA5991212BC1934900205A93 /* Request.swift in Sources */ = {isa = PBXBuildFile; fileRef = EA59911D2BC1934900205A93 /* Request.swift */; };
		EA5991222BC1934900205A93 /* Response.swift in Sources */ = {isa = PBXBuildFile; fileRef = EA59911E2BC1934900205A93 /* Response.swift */; };
		EA5991242BC1C88600205A93 /* ContentCell.swift in Sources */ = {isa = PBXBuildFile; fileRef = EA5991232BC1C88600205A93 /* ContentCell.swift */; };
		EA59912E2BC1C89D00205A93 /* MediaContentListControllerConfigurator.swift in Sources */ = {isa = PBXBuildFile; fileRef = EA5991282BC1C89D00205A93 /* MediaContentListControllerConfigurator.swift */; };
		EA5991342BC1D0E600205A93 /* MediaContentResponse.swift in Sources */ = {isa = PBXBuildFile; fileRef = EA5991332BC1D0E600205A93 /* MediaContentResponse.swift */; };
		EA5991362BC1E29E00205A93 /* MediaContentListViewModel.swift in Sources */ = {isa = PBXBuildFile; fileRef = EA5991352BC1E29E00205A93 /* MediaContentListViewModel.swift */; };
		EA5991392BC2795E00205A93 /* URLImageView.swift in Sources */ = {isa = PBXBuildFile; fileRef = EA5991382BC2795E00205A93 /* URLImageView.swift */; };
		EA59913C2BC3DFA900205A93 /* UIViewController + Extensions.swift in Sources */ = {isa = PBXBuildFile; fileRef = EA59913B2BC3DFA900205A93 /* UIViewController + Extensions.swift */; };
		EA59913E2BC3E03200205A93 /* BaseLoadingView.swift in Sources */ = {isa = PBXBuildFile; fileRef = EA59913D2BC3E03200205A93 /* BaseLoadingView.swift */; };
		EA5991402BC3E05300205A93 /* ListLoadingView.swift in Sources */ = {isa = PBXBuildFile; fileRef = EA59913F2BC3E05300205A93 /* ListLoadingView.swift */; };
		EA5991552BC559B600205A93 /* MediaContentListPresenter.swift in Sources */ = {isa = PBXBuildFile; fileRef = EA5991502BC559B600205A93 /* MediaContentListPresenter.swift */; };
		EA5991562BC559B600205A93 /* MediaContentListProtocols.swift in Sources */ = {isa = PBXBuildFile; fileRef = EA5991512BC559B600205A93 /* MediaContentListProtocols.swift */; };
		EA5991572BC559B600205A93 /* MediaContentListRouter.swift in Sources */ = {isa = PBXBuildFile; fileRef = EA5991522BC559B600205A93 /* MediaContentListRouter.swift */; };
		EA5991582BC559B600205A93 /* MediaContentListController.swift in Sources */ = {isa = PBXBuildFile; fileRef = EA5991532BC559B600205A93 /* MediaContentListController.swift */; };
		EA5991592BC559B600205A93 /* MediaContentListInteractor.swift in Sources */ = {isa = PBXBuildFile; fileRef = EA5991542BC559B600205A93 /* MediaContentListInteractor.swift */; };
		EA59915C2BC55AEA00205A93 /* DetailMediaContentProtocols.swift in Sources */ = {isa = PBXBuildFile; fileRef = EA59915B2BC55AEA00205A93 /* DetailMediaContentProtocols.swift */; };
		EA59915E2BC55B7F00205A93 /* DetailMediaContentControllerConfigurator.swift in Sources */ = {isa = PBXBuildFile; fileRef = EA59915D2BC55B7F00205A93 /* DetailMediaContentControllerConfigurator.swift */; };
		EA5991602BC55BE300205A93 /* DetailMediaContentController.swift in Sources */ = {isa = PBXBuildFile; fileRef = EA59915F2BC55BE300205A93 /* DetailMediaContentController.swift */; };
		EA5991622BC55C4C00205A93 /* DetailMediaContentPresenter.swift in Sources */ = {isa = PBXBuildFile; fileRef = EA5991612BC55C4C00205A93 /* DetailMediaContentPresenter.swift */; };
		EA5991642BC55C5C00205A93 /* DetailMediaContentInteractor.swift in Sources */ = {isa = PBXBuildFile; fileRef = EA5991632BC55C5C00205A93 /* DetailMediaContentInteractor.swift */; };
		EA5991662BC55C6900205A93 /* DetailMediaContentRouter.swift in Sources */ = {isa = PBXBuildFile; fileRef = EA5991652BC55C6900205A93 /* DetailMediaContentRouter.swift */; };
		EA5991692BC71A8300205A93 /* ArtistInfoResponse.swift in Sources */ = {isa = PBXBuildFile; fileRef = EA5991682BC71A8300205A93 /* ArtistInfoResponse.swift */; };
		EA59916B2BC7230A00205A93 /* ArtistInfoViewModel.swift in Sources */ = {isa = PBXBuildFile; fileRef = EA59916A2BC7230A00205A93 /* ArtistInfoViewModel.swift */; };
		EA59916F2BC930BF00205A93 /* SearchHistoryCell.swift in Sources */ = {isa = PBXBuildFile; fileRef = EA59916E2BC930BF00205A93 /* SearchHistoryCell.swift */; };
		EA5991722BC9610300205A93 /* SearchAppModel.xcdatamodeld in Sources */ = {isa = PBXBuildFile; fileRef = EA5991702BC9610200205A93 /* SearchAppModel.xcdatamodeld */; };
		EA59919F2BC96DD600205A93 /* DataBaseService.swift in Sources */ = {isa = PBXBuildFile; fileRef = EA59919E2BC96DD600205A93 /* DataBaseService.swift */; };
		EA5991A12BC97CBC00205A93 /* SearchQuery.swift in Sources */ = {isa = PBXBuildFile; fileRef = EA5991A02BC97CBC00205A93 /* SearchQuery.swift */; };
		EA5991AC2BC97D8F00205A93 /* SearchQueryDB+CoreDataClass.swift in Sources */ = {isa = PBXBuildFile; fileRef = EA5991AA2BC97D8F00205A93 /* SearchQueryDB+CoreDataClass.swift */; };
		EA5991AD2BC97D8F00205A93 /* SearchQueryDB+CoreDataProperties.swift in Sources */ = {isa = PBXBuildFile; fileRef = EA5991AB2BC97D8F00205A93 /* SearchQueryDB+CoreDataProperties.swift */; };
		EA5991B02BC9993F00205A93 /* StorageManager.swift in Sources */ = {isa = PBXBuildFile; fileRef = EA5991AF2BC9993F00205A93 /* StorageManager.swift */; };
		EA5991B22BCAD75D00205A93 /* BottomErrorView.swift in Sources */ = {isa = PBXBuildFile; fileRef = EA5991B12BCAD75D00205A93 /* BottomErrorView.swift */; };
/* End PBXBuildFile section */

/* Begin PBXFileReference section */
		EA5990DE2BC036DF00205A93 /* SearchApp.app */ = {isa = PBXFileReference; explicitFileType = wrapper.application; includeInIndex = 0; path = SearchApp.app; sourceTree = BUILT_PRODUCTS_DIR; };
		EA5990E12BC036DF00205A93 /* AppDelegate.swift */ = {isa = PBXFileReference; lastKnownFileType = sourcecode.swift; path = AppDelegate.swift; sourceTree = "<group>"; };
		EA5990E32BC036DF00205A93 /* SceneDelegate.swift */ = {isa = PBXFileReference; lastKnownFileType = sourcecode.swift; path = SceneDelegate.swift; sourceTree = "<group>"; };
		EA5990EA2BC036E200205A93 /* Assets.xcassets */ = {isa = PBXFileReference; lastKnownFileType = folder.assetcatalog; path = Assets.xcassets; sourceTree = "<group>"; };
		EA5990ED2BC036E200205A93 /* Base */ = {isa = PBXFileReference; lastKnownFileType = file.storyboard; name = Base; path = Base.lproj/LaunchScreen.storyboard; sourceTree = "<group>"; };
		EA5990EF2BC036E200205A93 /* Info.plist */ = {isa = PBXFileReference; lastKnownFileType = text.plist.xml; path = Info.plist; sourceTree = "<group>"; };
		EA59911B2BC1934900205A93 /* APIConstants.swift */ = {isa = PBXFileReference; fileEncoding = 4; lastKnownFileType = sourcecode.swift; path = APIConstants.swift; sourceTree = "<group>"; };
		EA59911C2BC1934900205A93 /* APIClient.swift */ = {isa = PBXFileReference; fileEncoding = 4; lastKnownFileType = sourcecode.swift; path = APIClient.swift; sourceTree = "<group>"; };
		EA59911D2BC1934900205A93 /* Request.swift */ = {isa = PBXFileReference; fileEncoding = 4; lastKnownFileType = sourcecode.swift; path = Request.swift; sourceTree = "<group>"; };
		EA59911E2BC1934900205A93 /* Response.swift */ = {isa = PBXFileReference; fileEncoding = 4; lastKnownFileType = sourcecode.swift; path = Response.swift; sourceTree = "<group>"; };
		EA5991232BC1C88600205A93 /* ContentCell.swift */ = {isa = PBXFileReference; fileEncoding = 4; lastKnownFileType = sourcecode.swift; path = ContentCell.swift; sourceTree = "<group>"; };
		EA5991282BC1C89D00205A93 /* MediaContentListControllerConfigurator.swift */ = {isa = PBXFileReference; fileEncoding = 4; lastKnownFileType = sourcecode.swift; path = MediaContentListControllerConfigurator.swift; sourceTree = "<group>"; };
		EA5991332BC1D0E600205A93 /* MediaContentResponse.swift */ = {isa = PBXFileReference; lastKnownFileType = sourcecode.swift; path = MediaContentResponse.swift; sourceTree = "<group>"; };
		EA5991352BC1E29E00205A93 /* MediaContentListViewModel.swift */ = {isa = PBXFileReference; lastKnownFileType = sourcecode.swift; path = MediaContentListViewModel.swift; sourceTree = "<group>"; };
		EA5991382BC2795E00205A93 /* URLImageView.swift */ = {isa = PBXFileReference; lastKnownFileType = sourcecode.swift; path = URLImageView.swift; sourceTree = "<group>"; };
		EA59913B2BC3DFA900205A93 /* UIViewController + Extensions.swift */ = {isa = PBXFileReference; lastKnownFileType = sourcecode.swift; path = "UIViewController + Extensions.swift"; sourceTree = "<group>"; };
		EA59913D2BC3E03200205A93 /* BaseLoadingView.swift */ = {isa = PBXFileReference; lastKnownFileType = sourcecode.swift; path = BaseLoadingView.swift; sourceTree = "<group>"; };
		EA59913F2BC3E05300205A93 /* ListLoadingView.swift */ = {isa = PBXFileReference; lastKnownFileType = sourcecode.swift; path = ListLoadingView.swift; sourceTree = "<group>"; };
		EA5991502BC559B600205A93 /* MediaContentListPresenter.swift */ = {isa = PBXFileReference; fileEncoding = 4; lastKnownFileType = sourcecode.swift; path = MediaContentListPresenter.swift; sourceTree = "<group>"; };
		EA5991512BC559B600205A93 /* MediaContentListProtocols.swift */ = {isa = PBXFileReference; fileEncoding = 4; lastKnownFileType = sourcecode.swift; path = MediaContentListProtocols.swift; sourceTree = "<group>"; };
		EA5991522BC559B600205A93 /* MediaContentListRouter.swift */ = {isa = PBXFileReference; fileEncoding = 4; lastKnownFileType = sourcecode.swift; path = MediaContentListRouter.swift; sourceTree = "<group>"; };
		EA5991532BC559B600205A93 /* MediaContentListController.swift */ = {isa = PBXFileReference; fileEncoding = 4; lastKnownFileType = sourcecode.swift; path = MediaContentListController.swift; sourceTree = "<group>"; };
		EA5991542BC559B600205A93 /* MediaContentListInteractor.swift */ = {isa = PBXFileReference; fileEncoding = 4; lastKnownFileType = sourcecode.swift; path = MediaContentListInteractor.swift; sourceTree = "<group>"; };
		EA59915B2BC55AEA00205A93 /* DetailMediaContentProtocols.swift */ = {isa = PBXFileReference; lastKnownFileType = sourcecode.swift; path = DetailMediaContentProtocols.swift; sourceTree = "<group>"; };
		EA59915D2BC55B7F00205A93 /* DetailMediaContentControllerConfigurator.swift */ = {isa = PBXFileReference; lastKnownFileType = sourcecode.swift; path = DetailMediaContentControllerConfigurator.swift; sourceTree = "<group>"; };
		EA59915F2BC55BE300205A93 /* DetailMediaContentController.swift */ = {isa = PBXFileReference; lastKnownFileType = sourcecode.swift; path = DetailMediaContentController.swift; sourceTree = "<group>"; };
		EA5991612BC55C4C00205A93 /* DetailMediaContentPresenter.swift */ = {isa = PBXFileReference; lastKnownFileType = sourcecode.swift; path = DetailMediaContentPresenter.swift; sourceTree = "<group>"; };
		EA5991632BC55C5C00205A93 /* DetailMediaContentInteractor.swift */ = {isa = PBXFileReference; lastKnownFileType = sourcecode.swift; path = DetailMediaContentInteractor.swift; sourceTree = "<group>"; };
		EA5991652BC55C6900205A93 /* DetailMediaContentRouter.swift */ = {isa = PBXFileReference; lastKnownFileType = sourcecode.swift; path = DetailMediaContentRouter.swift; sourceTree = "<group>"; };
		EA5991682BC71A8300205A93 /* ArtistInfoResponse.swift */ = {isa = PBXFileReference; lastKnownFileType = sourcecode.swift; path = ArtistInfoResponse.swift; sourceTree = "<group>"; };
		EA59916A2BC7230A00205A93 /* ArtistInfoViewModel.swift */ = {isa = PBXFileReference; lastKnownFileType = sourcecode.swift; path = ArtistInfoViewModel.swift; sourceTree = "<group>"; };
		EA59916E2BC930BF00205A93 /* SearchHistoryCell.swift */ = {isa = PBXFileReference; lastKnownFileType = sourcecode.swift; path = SearchHistoryCell.swift; sourceTree = "<group>"; };
		EA5991712BC9610200205A93 /* SearchAppModel.xcdatamodel */ = {isa = PBXFileReference; lastKnownFileType = wrapper.xcdatamodel; path = SearchAppModel.xcdatamodel; sourceTree = "<group>"; };
		EA59919E2BC96DD600205A93 /* DataBaseService.swift */ = {isa = PBXFileReference; lastKnownFileType = sourcecode.swift; path = DataBaseService.swift; sourceTree = "<group>"; };
		EA5991A02BC97CBC00205A93 /* SearchQuery.swift */ = {isa = PBXFileReference; lastKnownFileType = sourcecode.swift; path = SearchQuery.swift; sourceTree = "<group>"; };
		EA5991AA2BC97D8F00205A93 /* SearchQueryDB+CoreDataClass.swift */ = {isa = PBXFileReference; lastKnownFileType = sourcecode.swift; path = "SearchQueryDB+CoreDataClass.swift"; sourceTree = "<group>"; };
		EA5991AB2BC97D8F00205A93 /* SearchQueryDB+CoreDataProperties.swift */ = {isa = PBXFileReference; lastKnownFileType = sourcecode.swift; path = "SearchQueryDB+CoreDataProperties.swift"; sourceTree = "<group>"; };
		EA5991AF2BC9993F00205A93 /* StorageManager.swift */ = {isa = PBXFileReference; lastKnownFileType = sourcecode.swift; path = StorageManager.swift; sourceTree = "<group>"; };
		EA5991B12BCAD75D00205A93 /* BottomErrorView.swift */ = {isa = PBXFileReference; lastKnownFileType = sourcecode.swift; path = BottomErrorView.swift; sourceTree = "<group>"; };
/* End PBXFileReference section */

/* Begin PBXFrameworksBuildPhase section */
		EA5990DB2BC036DF00205A93 /* Frameworks */ = {
			isa = PBXFrameworksBuildPhase;
			buildActionMask = 2147483647;
			files = (
			);
			runOnlyForDeploymentPostprocessing = 0;
		};
/* End PBXFrameworksBuildPhase section */

/* Begin PBXGroup section */
		EA5990D52BC036DF00205A93 = {
			isa = PBXGroup;
			children = (
				EA5990E02BC036DF00205A93 /* SearchApp */,
				EA5990DF2BC036DF00205A93 /* Products */,
			);
			sourceTree = "<group>";
		};
		EA5990DF2BC036DF00205A93 /* Products */ = {
			isa = PBXGroup;
			children = (
				EA5990DE2BC036DF00205A93 /* SearchApp.app */,
			);
			name = Products;
			sourceTree = "<group>";
		};
		EA5990E02BC036DF00205A93 /* SearchApp */ = {
			isa = PBXGroup;
			children = (
				EA5990F52BC039AC00205A93 /* App */,
				EA59919C2BC96DA200205A93 /* Services */,
				EA5990F72BC03A3900205A93 /* Modules */,
				EA59913A2BC3DF8000205A93 /* Extensions */,
				EA5991372BC2793E00205A93 /* UIComponents */,
				EA5990F62BC03A1700205A93 /* Resources */,
				EA5991702BC9610200205A93 /* SearchAppModel.xcdatamodeld */,
			);
			path = SearchApp;
			sourceTree = "<group>";
		};
		EA5990F52BC039AC00205A93 /* App */ = {
			isa = PBXGroup;
			children = (
				EA5990E12BC036DF00205A93 /* AppDelegate.swift */,
				EA5990E32BC036DF00205A93 /* SceneDelegate.swift */,
				EA5990EF2BC036E200205A93 /* Info.plist */,
				EA5990EC2BC036E200205A93 /* LaunchScreen.storyboard */,
			);
			path = App;
			sourceTree = "<group>";
		};
		EA5990F62BC03A1700205A93 /* Resources */ = {
			isa = PBXGroup;
			children = (
				EA5990EA2BC036E200205A93 /* Assets.xcassets */,
			);
			path = Resources;
			sourceTree = "<group>";
		};
		EA5990F72BC03A3900205A93 /* Modules */ = {
			isa = PBXGroup;
			children = (
				EA59914F2BC559B600205A93 /* MediaContentList */,
				EA59915A2BC55A8500205A93 /* DetailMediaContent */,
			);
			path = Modules;
			sourceTree = "<group>";
		};
		EA5991062BC1850300205A93 /* Network */ = {
			isa = PBXGroup;
			children = (
				EA59911C2BC1934900205A93 /* APIClient.swift */,
				EA59911B2BC1934900205A93 /* APIConstants.swift */,
				EA59911D2BC1934900205A93 /* Request.swift */,
				EA59911E2BC1934900205A93 /* Response.swift */,
			);
			path = Network;
			sourceTree = "<group>";
		};
		EA5991312BC1C8A100205A93 /* Cell */ = {
			isa = PBXGroup;
			children = (
				EA59916C2BC9308D00205A93 /* CollectionViewCell */,
				EA59916D2BC9309900205A93 /* TableViewCell */,
			);
			path = Cell;
			sourceTree = "<group>";
		};
		EA5991322BC1D0B200205A93 /* Models */ = {
			isa = PBXGroup;
			children = (
				EA5991332BC1D0E600205A93 /* MediaContentResponse.swift */,
				EA5991A02BC97CBC00205A93 /* SearchQuery.swift */,
			);
			path = Models;
			sourceTree = "<group>";
		};
		EA5991372BC2793E00205A93 /* UIComponents */ = {
			isa = PBXGroup;
			children = (
				EA5991382BC2795E00205A93 /* URLImageView.swift */,
				EA59913D2BC3E03200205A93 /* BaseLoadingView.swift */,
				EA59913F2BC3E05300205A93 /* ListLoadingView.swift */,
				EA5991B12BCAD75D00205A93 /* BottomErrorView.swift */,
			);
			path = UIComponents;
			sourceTree = "<group>";
		};
		EA59913A2BC3DF8000205A93 /* Extensions */ = {
			isa = PBXGroup;
			children = (
				EA59913B2BC3DFA900205A93 /* UIViewController + Extensions.swift */,
			);
			path = Extensions;
			sourceTree = "<group>";
		};
		EA59914F2BC559B600205A93 /* MediaContentList */ = {
			isa = PBXGroup;
			children = (
				EA5991312BC1C8A100205A93 /* Cell */,
				EA5991322BC1D0B200205A93 /* Models */,
				EA5991282BC1C89D00205A93 /* MediaContentListControllerConfigurator.swift */,
				EA5991512BC559B600205A93 /* MediaContentListProtocols.swift */,
				EA5991532BC559B600205A93 /* MediaContentListController.swift */,
				EA5991502BC559B600205A93 /* MediaContentListPresenter.swift */,
				EA5991542BC559B600205A93 /* MediaContentListInteractor.swift */,
				EA5991352BC1E29E00205A93 /* MediaContentListViewModel.swift */,
				EA5991522BC559B600205A93 /* MediaContentListRouter.swift */,
			);
			path = MediaContentList;
			sourceTree = "<group>";
		};
		EA59915A2BC55A8500205A93 /* DetailMediaContent */ = {
			isa = PBXGroup;
			children = (
				EA5991672BC71A7000205A93 /* Models */,
				EA59915D2BC55B7F00205A93 /* DetailMediaContentControllerConfigurator.swift */,
				EA59915B2BC55AEA00205A93 /* DetailMediaContentProtocols.swift */,
				EA59915F2BC55BE300205A93 /* DetailMediaContentController.swift */,
				EA5991612BC55C4C00205A93 /* DetailMediaContentPresenter.swift */,
				EA5991632BC55C5C00205A93 /* DetailMediaContentInteractor.swift */,
				EA5991652BC55C6900205A93 /* DetailMediaContentRouter.swift */,
				EA59916A2BC7230A00205A93 /* ArtistInfoViewModel.swift */,
			);
			path = DetailMediaContent;
			sourceTree = "<group>";
		};
		EA5991672BC71A7000205A93 /* Models */ = {
			isa = PBXGroup;
			children = (
				EA5991682BC71A8300205A93 /* ArtistInfoResponse.swift */,
			);
			path = Models;
			sourceTree = "<group>";
		};
		EA59916C2BC9308D00205A93 /* CollectionViewCell */ = {
			isa = PBXGroup;
			children = (
				EA5991232BC1C88600205A93 /* ContentCell.swift */,
			);
			path = CollectionViewCell;
			sourceTree = "<group>";
		};
		EA59916D2BC9309900205A93 /* TableViewCell */ = {
			isa = PBXGroup;
			children = (
				EA59916E2BC930BF00205A93 /* SearchHistoryCell.swift */,
			);
			path = TableViewCell;
			sourceTree = "<group>";
		};
		EA59919C2BC96DA200205A93 /* Services */ = {
			isa = PBXGroup;
			children = (
				EA5991AE2BC9984000205A93 /* StorageManager */,
				EA5991062BC1850300205A93 /* Network */,
			);
			path = Services;
			sourceTree = "<group>";
		};
		EA59919D2BC96DBA00205A93 /* DataBaseService */ = {
			isa = PBXGroup;
			children = (
				EA5991AA2BC97D8F00205A93 /* SearchQueryDB+CoreDataClass.swift */,
				EA5991AB2BC97D8F00205A93 /* SearchQueryDB+CoreDataProperties.swift */,
				EA59919E2BC96DD600205A93 /* DataBaseService.swift */,
			);
			path = DataBaseService;
			sourceTree = "<group>";
		};
		EA5991AE2BC9984000205A93 /* StorageManager */ = {
			isa = PBXGroup;
			children = (
				EA59919D2BC96DBA00205A93 /* DataBaseService */,
				EA5991AF2BC9993F00205A93 /* StorageManager.swift */,
			);
			path = StorageManager;
			sourceTree = "<group>";
		};
/* End PBXGroup section */

/* Begin PBXNativeTarget section */
		EA5990DD2BC036DF00205A93 /* SearchApp */ = {
			isa = PBXNativeTarget;
			buildConfigurationList = EA5990F22BC036E300205A93 /* Build configuration list for PBXNativeTarget "SearchApp" */;
			buildPhases = (
				EA5990DA2BC036DF00205A93 /* Sources */,
				EA5990DB2BC036DF00205A93 /* Frameworks */,
				EA5990DC2BC036DF00205A93 /* Resources */,
			);
			buildRules = (
			);
			dependencies = (
			);
			name = SearchApp;
			productName = SearchApp;
			productReference = EA5990DE2BC036DF00205A93 /* SearchApp.app */;
			productType = "com.apple.product-type.application";
		};
/* End PBXNativeTarget section */

/* Begin PBXProject section */
		EA5990D62BC036DF00205A93 /* Project object */ = {
			isa = PBXProject;
			attributes = {
				BuildIndependentTargetsInParallel = 1;
				LastSwiftUpdateCheck = 1520;
				LastUpgradeCheck = 1520;
				TargetAttributes = {
					EA5990DD2BC036DF00205A93 = {
						CreatedOnToolsVersion = 15.2;
					};
				};
			};
			buildConfigurationList = EA5990D92BC036DF00205A93 /* Build configuration list for PBXProject "SearchApp" */;
			compatibilityVersion = "Xcode 14.0";
			developmentRegion = en;
			hasScannedForEncodings = 0;
			knownRegions = (
				en,
				Base,
			);
			mainGroup = EA5990D52BC036DF00205A93;
			productRefGroup = EA5990DF2BC036DF00205A93 /* Products */;
			projectDirPath = "";
			projectRoot = "";
			targets = (
				EA5990DD2BC036DF00205A93 /* SearchApp */,
			);
		};
/* End PBXProject section */

/* Begin PBXResourcesBuildPhase section */
		EA5990DC2BC036DF00205A93 /* Resources */ = {
			isa = PBXResourcesBuildPhase;
			buildActionMask = 2147483647;
			files = (
				EA5990EE2BC036E200205A93 /* LaunchScreen.storyboard in Resources */,
				EA5990EB2BC036E200205A93 /* Assets.xcassets in Resources */,
			);
			runOnlyForDeploymentPostprocessing = 0;
		};
/* End PBXResourcesBuildPhase section */

/* Begin PBXSourcesBuildPhase section */
		EA5990DA2BC036DF00205A93 /* Sources */ = {
			isa = PBXSourcesBuildPhase;
			buildActionMask = 2147483647;
			files = (
				EA5991202BC1934900205A93 /* APIClient.swift in Sources */,
				EA5991602BC55BE300205A93 /* DetailMediaContentController.swift in Sources */,
				EA5991362BC1E29E00205A93 /* MediaContentListViewModel.swift in Sources */,
				EA5991562BC559B600205A93 /* MediaContentListProtocols.swift in Sources */,
				EA59913E2BC3E03200205A93 /* BaseLoadingView.swift in Sources */,
				EA59911F2BC1934900205A93 /* APIConstants.swift in Sources */,
				EA5991622BC55C4C00205A93 /* DetailMediaContentPresenter.swift in Sources */,
				EA5991552BC559B600205A93 /* MediaContentListPresenter.swift in Sources */,
				EA5991A12BC97CBC00205A93 /* SearchQuery.swift in Sources */,
				EA5990E22BC036DF00205A93 /* AppDelegate.swift in Sources */,
				EA59915E2BC55B7F00205A93 /* DetailMediaContentControllerConfigurator.swift in Sources */,
				EA5991212BC1934900205A93 /* Request.swift in Sources */,
				EA5991AC2BC97D8F00205A93 /* SearchQueryDB+CoreDataClass.swift in Sources */,
				EA5991B22BCAD75D00205A93 /* BottomErrorView.swift in Sources */,
				EA5991582BC559B600205A93 /* MediaContentListController.swift in Sources */,
				EA59915C2BC55AEA00205A93 /* DetailMediaContentProtocols.swift in Sources */,
				EA5991592BC559B600205A93 /* MediaContentListInteractor.swift in Sources */,
				EA5991222BC1934900205A93 /* Response.swift in Sources */,
				EA5991B02BC9993F00205A93 /* StorageManager.swift in Sources */,
				EA59913C2BC3DFA900205A93 /* UIViewController + Extensions.swift in Sources */,
				EA59916B2BC7230A00205A93 /* ArtistInfoViewModel.swift in Sources */,
				EA5990E42BC036DF00205A93 /* SceneDelegate.swift in Sources */,
				EA59912E2BC1C89D00205A93 /* MediaContentListControllerConfigurator.swift in Sources */,
				EA5991572BC559B600205A93 /* MediaContentListRouter.swift in Sources */,
				EA5991722BC9610300205A93 /* SearchAppModel.xcdatamodeld in Sources */,
				EA5991692BC71A8300205A93 /* ArtistInfoResponse.swift in Sources */,
				EA59919F2BC96DD600205A93 /* DataBaseService.swift in Sources */,
				EA5991242BC1C88600205A93 /* ContentCell.swift in Sources */,
				EA5991392BC2795E00205A93 /* URLImageView.swift in Sources */,
				EA5991402BC3E05300205A93 /* ListLoadingView.swift in Sources */,
				EA5991642BC55C5C00205A93 /* DetailMediaContentInteractor.swift in Sources */,
				EA5991342BC1D0E600205A93 /* MediaContentResponse.swift in Sources */,
				EA59916F2BC930BF00205A93 /* SearchHistoryCell.swift in Sources */,
				EA5991AD2BC97D8F00205A93 /* SearchQueryDB+CoreDataProperties.swift in Sources */,
				EA5991662BC55C6900205A93 /* DetailMediaContentRouter.swift in Sources */,
			);
			runOnlyForDeploymentPostprocessing = 0;
		};
/* End PBXSourcesBuildPhase section */

/* Begin PBXVariantGroup section */
		EA5990EC2BC036E200205A93 /* LaunchScreen.storyboard */ = {
			isa = PBXVariantGroup;
			children = (
				EA5990ED2BC036E200205A93 /* Base */,
			);
			name = LaunchScreen.storyboard;
			sourceTree = "<group>";
		};
/* End PBXVariantGroup section */

/* Begin XCBuildConfiguration section */
		EA5990F02BC036E200205A93 /* Debug */ = {
			isa = XCBuildConfiguration;
			buildSettings = {
				ALWAYS_SEARCH_USER_PATHS = NO;
				ASSETCATALOG_COMPILER_GENERATE_SWIFT_ASSET_SYMBOL_EXTENSIONS = YES;
				CLANG_ANALYZER_NONNULL = YES;
				CLANG_ANALYZER_NUMBER_OBJECT_CONVERSION = YES_AGGRESSIVE;
				CLANG_CXX_LANGUAGE_STANDARD = "gnu++20";
				CLANG_ENABLE_MODULES = YES;
				CLANG_ENABLE_OBJC_ARC = YES;
				CLANG_ENABLE_OBJC_WEAK = YES;
				CLANG_WARN_BLOCK_CAPTURE_AUTORELEASING = YES;
				CLANG_WARN_BOOL_CONVERSION = YES;
				CLANG_WARN_COMMA = YES;
				CLANG_WARN_CONSTANT_CONVERSION = YES;
				CLANG_WARN_DEPRECATED_OBJC_IMPLEMENTATIONS = YES;
				CLANG_WARN_DIRECT_OBJC_ISA_USAGE = YES_ERROR;
				CLANG_WARN_DOCUMENTATION_COMMENTS = YES;
				CLANG_WARN_EMPTY_BODY = YES;
				CLANG_WARN_ENUM_CONVERSION = YES;
				CLANG_WARN_INFINITE_RECURSION = YES;
				CLANG_WARN_INT_CONVERSION = YES;
				CLANG_WARN_NON_LITERAL_NULL_CONVERSION = YES;
				CLANG_WARN_OBJC_IMPLICIT_RETAIN_SELF = YES;
				CLANG_WARN_OBJC_LITERAL_CONVERSION = YES;
				CLANG_WARN_OBJC_ROOT_CLASS = YES_ERROR;
				CLANG_WARN_QUOTED_INCLUDE_IN_FRAMEWORK_HEADER = YES;
				CLANG_WARN_RANGE_LOOP_ANALYSIS = YES;
				CLANG_WARN_STRICT_PROTOTYPES = YES;
				CLANG_WARN_SUSPICIOUS_MOVE = YES;
				CLANG_WARN_UNGUARDED_AVAILABILITY = YES_AGGRESSIVE;
				CLANG_WARN_UNREACHABLE_CODE = YES;
				CLANG_WARN__DUPLICATE_METHOD_MATCH = YES;
				COPY_PHASE_STRIP = NO;
				DEBUG_INFORMATION_FORMAT = dwarf;
				ENABLE_STRICT_OBJC_MSGSEND = YES;
				ENABLE_TESTABILITY = YES;
				ENABLE_USER_SCRIPT_SANDBOXING = YES;
				GCC_C_LANGUAGE_STANDARD = gnu17;
				GCC_DYNAMIC_NO_PIC = NO;
				GCC_NO_COMMON_BLOCKS = YES;
				GCC_OPTIMIZATION_LEVEL = 0;
				GCC_PREPROCESSOR_DEFINITIONS = (
					"DEBUG=1",
					"$(inherited)",
				);
				GCC_WARN_64_TO_32_BIT_CONVERSION = YES;
				GCC_WARN_ABOUT_RETURN_TYPE = YES_ERROR;
				GCC_WARN_UNDECLARED_SELECTOR = YES;
				GCC_WARN_UNINITIALIZED_AUTOS = YES_AGGRESSIVE;
				GCC_WARN_UNUSED_FUNCTION = YES;
				GCC_WARN_UNUSED_VARIABLE = YES;
				IPHONEOS_DEPLOYMENT_TARGET = 17.2;
				LOCALIZATION_PREFERS_STRING_CATALOGS = YES;
				MTL_ENABLE_DEBUG_INFO = INCLUDE_SOURCE;
				MTL_FAST_MATH = YES;
				ONLY_ACTIVE_ARCH = YES;
				SDKROOT = iphoneos;
				SWIFT_ACTIVE_COMPILATION_CONDITIONS = "DEBUG $(inherited)";
				SWIFT_OPTIMIZATION_LEVEL = "-Onone";
			};
			name = Debug;
		};
		EA5990F12BC036E200205A93 /* Release */ = {
			isa = XCBuildConfiguration;
			buildSettings = {
				ALWAYS_SEARCH_USER_PATHS = NO;
				ASSETCATALOG_COMPILER_GENERATE_SWIFT_ASSET_SYMBOL_EXTENSIONS = YES;
				CLANG_ANALYZER_NONNULL = YES;
				CLANG_ANALYZER_NUMBER_OBJECT_CONVERSION = YES_AGGRESSIVE;
				CLANG_CXX_LANGUAGE_STANDARD = "gnu++20";
				CLANG_ENABLE_MODULES = YES;
				CLANG_ENABLE_OBJC_ARC = YES;
				CLANG_ENABLE_OBJC_WEAK = YES;
				CLANG_WARN_BLOCK_CAPTURE_AUTORELEASING = YES;
				CLANG_WARN_BOOL_CONVERSION = YES;
				CLANG_WARN_COMMA = YES;
				CLANG_WARN_CONSTANT_CONVERSION = YES;
				CLANG_WARN_DEPRECATED_OBJC_IMPLEMENTATIONS = YES;
				CLANG_WARN_DIRECT_OBJC_ISA_USAGE = YES_ERROR;
				CLANG_WARN_DOCUMENTATION_COMMENTS = YES;
				CLANG_WARN_EMPTY_BODY = YES;
				CLANG_WARN_ENUM_CONVERSION = YES;
				CLANG_WARN_INFINITE_RECURSION = YES;
				CLANG_WARN_INT_CONVERSION = YES;
				CLANG_WARN_NON_LITERAL_NULL_CONVERSION = YES;
				CLANG_WARN_OBJC_IMPLICIT_RETAIN_SELF = YES;
				CLANG_WARN_OBJC_LITERAL_CONVERSION = YES;
				CLANG_WARN_OBJC_ROOT_CLASS = YES_ERROR;
				CLANG_WARN_QUOTED_INCLUDE_IN_FRAMEWORK_HEADER = YES;
				CLANG_WARN_RANGE_LOOP_ANALYSIS = YES;
				CLANG_WARN_STRICT_PROTOTYPES = YES;
				CLANG_WARN_SUSPICIOUS_MOVE = YES;
				CLANG_WARN_UNGUARDED_AVAILABILITY = YES_AGGRESSIVE;
				CLANG_WARN_UNREACHABLE_CODE = YES;
				CLANG_WARN__DUPLICATE_METHOD_MATCH = YES;
				COPY_PHASE_STRIP = NO;
				DEBUG_INFORMATION_FORMAT = "dwarf-with-dsym";
				ENABLE_NS_ASSERTIONS = NO;
				ENABLE_STRICT_OBJC_MSGSEND = YES;
				ENABLE_USER_SCRIPT_SANDBOXING = YES;
				GCC_C_LANGUAGE_STANDARD = gnu17;
				GCC_NO_COMMON_BLOCKS = YES;
				GCC_WARN_64_TO_32_BIT_CONVERSION = YES;
				GCC_WARN_ABOUT_RETURN_TYPE = YES_ERROR;
				GCC_WARN_UNDECLARED_SELECTOR = YES;
				GCC_WARN_UNINITIALIZED_AUTOS = YES_AGGRESSIVE;
				GCC_WARN_UNUSED_FUNCTION = YES;
				GCC_WARN_UNUSED_VARIABLE = YES;
				IPHONEOS_DEPLOYMENT_TARGET = 17.2;
				LOCALIZATION_PREFERS_STRING_CATALOGS = YES;
				MTL_ENABLE_DEBUG_INFO = NO;
				MTL_FAST_MATH = YES;
				SDKROOT = iphoneos;
				SWIFT_COMPILATION_MODE = wholemodule;
				VALIDATE_PRODUCT = YES;
			};
			name = Release;
		};
		EA5990F32BC036E300205A93 /* Debug */ = {
			isa = XCBuildConfiguration;
			buildSettings = {
				ASSETCATALOG_COMPILER_APPICON_NAME = AppIcon;
				ASSETCATALOG_COMPILER_GLOBAL_ACCENT_COLOR_NAME = AccentColor;
				CODE_SIGN_STYLE = Automatic;
				CURRENT_PROJECT_VERSION = 1;
				DEVELOPMENT_TEAM = 78U6FZ3GMX;
				GENERATE_INFOPLIST_FILE = YES;
				INFOPLIST_FILE = SearchApp/App/Info.plist;
				INFOPLIST_KEY_UIApplicationSupportsIndirectInputEvents = YES;
				INFOPLIST_KEY_UILaunchStoryboardName = LaunchScreen;
				INFOPLIST_KEY_UISupportedInterfaceOrientations = UIInterfaceOrientationPortrait;
				IPHONEOS_DEPLOYMENT_TARGET = 15.0;
				LD_RUNPATH_SEARCH_PATHS = (
					"$(inherited)",
					"@executable_path/Frameworks",
				);
				MARKETING_VERSION = 1.0;
				PRODUCT_BUNDLE_IDENTIFIER = "com.oleg-romanov.SearchApp";
				PRODUCT_NAME = "$(TARGET_NAME)";
				SWIFT_EMIT_LOC_STRINGS = YES;
				SWIFT_VERSION = 5.0;
				TARGETED_DEVICE_FAMILY = "1,2";
			};
			name = Debug;
		};
		EA5990F42BC036E300205A93 /* Release */ = {
			isa = XCBuildConfiguration;
			buildSettings = {
				ASSETCATALOG_COMPILER_APPICON_NAME = AppIcon;
				ASSETCATALOG_COMPILER_GLOBAL_ACCENT_COLOR_NAME = AccentColor;
				CODE_SIGN_STYLE = Automatic;
				CURRENT_PROJECT_VERSION = 1;
				DEVELOPMENT_TEAM = 78U6FZ3GMX;
				GENERATE_INFOPLIST_FILE = YES;
				INFOPLIST_FILE = SearchApp/App/Info.plist;
				INFOPLIST_KEY_UIApplicationSupportsIndirectInputEvents = YES;
				INFOPLIST_KEY_UILaunchStoryboardName = LaunchScreen;
				INFOPLIST_KEY_UISupportedInterfaceOrientations = UIInterfaceOrientationPortrait;
				IPHONEOS_DEPLOYMENT_TARGET = 15.0;
				LD_RUNPATH_SEARCH_PATHS = (
					"$(inherited)",
					"@executable_path/Frameworks",
				);
				MARKETING_VERSION = 1.0;
				PRODUCT_BUNDLE_IDENTIFIER = "com.oleg-romanov.SearchApp";
				PRODUCT_NAME = "$(TARGET_NAME)";
				SWIFT_EMIT_LOC_STRINGS = YES;
				SWIFT_VERSION = 5.0;
				TARGETED_DEVICE_FAMILY = "1,2";
			};
			name = Release;
		};
/* End XCBuildConfiguration section */

/* Begin XCConfigurationList section */
		EA5990D92BC036DF00205A93 /* Build configuration list for PBXProject "SearchApp" */ = {
			isa = XCConfigurationList;
			buildConfigurations = (
				EA5990F02BC036E200205A93 /* Debug */,
				EA5990F12BC036E200205A93 /* Release */,
			);
			defaultConfigurationIsVisible = 0;
			defaultConfigurationName = Release;
		};
		EA5990F22BC036E300205A93 /* Build configuration list for PBXNativeTarget "SearchApp" */ = {
			isa = XCConfigurationList;
			buildConfigurations = (
				EA5990F32BC036E300205A93 /* Debug */,
				EA5990F42BC036E300205A93 /* Release */,
			);
			defaultConfigurationIsVisible = 0;
			defaultConfigurationName = Release;
		};
/* End XCConfigurationList section */

/* Begin XCVersionGroup section */
		EA5991702BC9610200205A93 /* SearchAppModel.xcdatamodeld */ = {
			isa = XCVersionGroup;
			children = (
				EA5991712BC9610200205A93 /* SearchAppModel.xcdatamodel */,
			);
			currentVersion = EA5991712BC9610200205A93 /* SearchAppModel.xcdatamodel */;
			path = SearchAppModel.xcdatamodeld;
			sourceTree = "<group>";
			versionGroupType = wrapper.xcdatamodel;
		};
/* End XCVersionGroup section */
	};
	rootObject = EA5990D62BC036DF00205A93 /* Project object */;
}
